
Microsoft Visual Studio Solution File, Format Version 12.00
# Visual Studio Version 16
VisualStudioVersion = 16.0.30204.135
MinimumVisualStudioVersion = 10.0.40219.1
Project("{9A19103F-16F7-4668-BE54-9A1E7A4F7556}") = "wms-tools", "wms-tools.csproj", "{6BDE87D9-CDC9-4528-B9D0-1BCBC52600E5}"
EndProject
Project("{9A19103F-16F7-4668-BE54-9A1E7A4F7556}") = "wms-shared", "wms-shared\wms-shared.csproj", "{F37A84F2-50C6-427C-AFB1-3F96747B9844}"
EndProject
Global
	GlobalSection(SolutionConfigurationPlatforms) = preSolution
		Debug|Any CPU = Debug|Any CPU
		Release|Any CPU = Release|Any CPU
	EndGlobalSection
	GlobalSection(ProjectConfigurationPlatforms) = postSolution
		{6BDE87D9-CDC9-4528-B9D0-1BCBC52600E5}.Debug|Any CPU.ActiveCfg = Debug|Any CPU
		{6BDE87D9-CDC9-4528-B9D0-1BCBC52600E5}.Debug|Any CPU.Build.0 = Debug|Any CPU
		{6BDE87D9-CDC9-4528-B9D0-1BCBC52600E5}.Release|Any CPU.ActiveCfg = Release|Any CPU
		{6BDE87D9-CDC9-4528-B9D0-1BCBC52600E5}.Release|Any CPU.Build.0 = Release|Any CPU
		{F37A84F2-50C6-427C-AFB1-3F96747B9844}.Debug|Any CPU.ActiveCfg = Debug|Any CPU
		{F37A84F2-50C6-427C-AFB1-3F96747B9844}.Debug|Any CPU.Build.0 = Debug|Any CPU
		{F37A84F2-50C6-427C-AFB1-3F96747B9844}.Release|Any CPU.ActiveCfg = Release|Any CPU
		{F37A84F2-50C6-427C-AFB1-3F96747B9844}.Release|Any CPU.Build.0 = Release|Any CPU
	EndGlobalSection
	GlobalSection(SolutionProperties) = preSolution
		HideSolutionNode = FALSE
	EndGlobalSection
	GlobalSection(ExtensibilityGlobals) = postSolution
		SolutionGuid = {AB00291D-E3E3-4E35-A116-8DCD1B5111EA}
	EndGlobalSection
EndGlobal
